
Microsoft Visual Studio Solution File, Format Version 12.00
# Visual Studio Version 16
VisualStudioVersion = 25.0.1704.4
MinimumVisualStudioVersion = 10.0.40219.1
Project("{FAE04EC0-301F-11D3-BF4B-00C04F79EFBC}") = "OilUsage.API", "OilUsage.API\OilUsage.API.csproj", "{AC627C22-2FA5-4433-B753-A53E6B40025F}"
EndProject
Project("{FAE04EC0-301F-11D3-BF4B-00C04F79EFBC}") = "OilUsage.Data", "OilUsage.Data\OilUsage.Data.csproj", "{E81B1A87-1F38-4594-8501-165E1B22A975}"
EndProject
Project("{FAE04EC0-301F-11D3-BF4B-00C04F79EFBC}") = "OilUsage.Domain", "OilUsage.Domain\OilUsage.Domain.csproj", "{D9FDE14D-DD95-4C77-A10E-5EA5022435A2}"
EndProject
Global
	GlobalSection(SolutionConfigurationPlatforms) = preSolution
		Debug|Any CPU = Debug|Any CPU
		Release|Any CPU = Release|Any CPU
	EndGlobalSection
	GlobalSection(ProjectConfigurationPlatforms) = postSolution
		{AC627C22-2FA5-4433-B753-A53E6B40025F}.Debug|Any CPU.ActiveCfg = Debug|Any CPU
		{AC627C22-2FA5-4433-B753-A53E6B40025F}.Debug|Any CPU.Build.0 = Debug|Any CPU
		{AC627C22-2FA5-4433-B753-A53E6B40025F}.Release|Any CPU.ActiveCfg = Release|Any CPU
		{AC627C22-2FA5-4433-B753-A53E6B40025F}.Release|Any CPU.Build.0 = Release|Any CPU
		{E81B1A87-1F38-4594-8501-165E1B22A975}.Debug|Any CPU.ActiveCfg = Debug|Any CPU
		{E81B1A87-1F38-4594-8501-165E1B22A975}.Debug|Any CPU.Build.0 = Debug|Any CPU
		{E81B1A87-1F38-4594-8501-165E1B22A975}.Release|Any CPU.ActiveCfg = Release|Any CPU
		{E81B1A87-1F38-4594-8501-165E1B22A975}.Release|Any CPU.Build.0 = Release|Any CPU
		{D9FDE14D-DD95-4C77-A10E-5EA5022435A2}.Debug|Any CPU.ActiveCfg = Debug|Any CPU
		{D9FDE14D-DD95-4C77-A10E-5EA5022435A2}.Debug|Any CPU.Build.0 = Debug|Any CPU
		{D9FDE14D-DD95-4C77-A10E-5EA5022435A2}.Release|Any CPU.ActiveCfg = Release|Any CPU
		{D9FDE14D-DD95-4C77-A10E-5EA5022435A2}.Release|Any CPU.Build.0 = Release|Any CPU
	EndGlobalSection
	GlobalSection(SolutionProperties) = preSolution
		HideSolutionNode = FALSE
	EndGlobalSection
	GlobalSection(ExtensibilityGlobals) = postSolution
		SolutionGuid = {12067E98-9E88-44AF-80B1-3281F7A3B414}
	EndGlobalSection
EndGlobal
